results/VirSorter/megahitCoassembly_SAMEA4817893/VIRSorter_global-phage-signal.csv
results/VirSorter/megahitCoassembly_SAMEA4817925/VIRSorter_global-phage-signal.csv
results/VirSorter/megahitCoassembly_SAMEA4817951/VIRSorter_global-phage-signal.csv
results/VirFinder/megahitCoassembly_SAMEA4817893.txt
results/VirFinder/megahitCoassembly_SAMEA4817925.txt
results/VirFinder/megahitCoassembly_SAMEA4817951.txt
results/Vibrant/megahitCoassembly_SAMEA4817893_renamed/VIBRANT_megahitCoassembly_SAMEA4817893_renamed/VIBRANT_log_megahitCoassembly_SAMEA4817893_renamed.log
results/Vibrant/megahitCoassembly_SAMEA4817925_renamed/VIBRANT_megahitCoassembly_SAMEA4817925_renamed/VIBRANT_log_megahitCoassembly_SAMEA4817925_renamed.log
results/Vibrant/megahitCoassembly_SAMEA4817951_renamed/VIBRANT_megahitCoassembly_SAMEA4817951_renamed/VIBRANT_log_megahitCoassembly_SAMEA4817951_renamed.log
test/megahitCoassembly_SAMEA4817893_renamed.fasta
scripts/VirSorter/wrapper_phage_contigs_sorter_iPlant.pl
test/megahitCoassembly_SAMEA4817925_renamed.fasta
scripts/VirSorter/wrapper_phage_contigs_sorter_iPlant.pl
test/megahitCoassembly_SAMEA4817951_renamed.fasta
scripts/VirSorter/wrapper_phage_contigs_sorter_iPlant.pl
test/megahitCoassembly_SAMEA4817893_renamed.fasta
scripts/VirFinder/eval_default.r
test/megahitCoassembly_SAMEA4817925_renamed.fasta
scripts/VirFinder/eval_default.r
test/megahitCoassembly_SAMEA4817951_renamed.fasta
scripts/VirFinder/eval_default.r
test/megahitCoassembly_SAMEA4817893_renamed.fasta
test/megahitCoassembly_SAMEA4817925_renamed.fasta
test/megahitCoassembly_SAMEA4817951_renamed.fasta
test/megahitCoassembly_SAMEA4817893.fasta
scripts/renaming_script/correct_contig_names.py
test/megahitCoassembly_SAMEA4817925.fasta
scripts/renaming_script/correct_contig_names.py
test/megahitCoassembly_SAMEA4817951.fasta
scripts/renaming_script/correct_contig_names.py
